// !$*UTF8*$!
{
	archiveVersion = 1;
	classes = {
	};
	objectVersion = 52;
	objects = {

/* Begin PBXBuildFile section */
		602E3237274D4A54004C80E8 /* EmojiView.swift in Sources */ = {isa = PBXBuildFile; fileRef = 602E3236274D4A54004C80E8 /* EmojiView.swift */; };
		606011262746DEF80093E40A /* EmotionDiaryView.swift in Sources */ = {isa = PBXBuildFile; fileRef = 606011252746DEF80093E40A /* EmotionDiaryView.swift */; };
		6663529027219C720084BBA3 /* AppDelegate.swift in Sources */ = {isa = PBXBuildFile; fileRef = 6663528F27219C720084BBA3 /* AppDelegate.swift */; };
		6663529227219C720084BBA3 /* SceneDelegate.swift in Sources */ = {isa = PBXBuildFile; fileRef = 6663529127219C720084BBA3 /* SceneDelegate.swift */; };
		6663529927219C730084BBA3 /* Assets.xcassets in Resources */ = {isa = PBXBuildFile; fileRef = 6663529827219C730084BBA3 /* Assets.xcassets */; };
		6663529C27219C730084BBA3 /* LaunchScreen.storyboard in Resources */ = {isa = PBXBuildFile; fileRef = 6663529A27219C730084BBA3 /* LaunchScreen.storyboard */; };
		666352B727219D8C0084BBA3 /* EmotionsDiaryViewController.swift in Sources */ = {isa = PBXBuildFile; fileRef = 666352AF27219D8C0084BBA3 /* EmotionsDiaryViewController.swift */; };
		666352B827219D8C0084BBA3 /* AchievementsDiaryViewController.swift in Sources */ = {isa = PBXBuildFile; fileRef = 666352B027219D8C0084BBA3 /* AchievementsDiaryViewController.swift */; };
		666352B927219D8C0084BBA3 /* HomeViewController.swift in Sources */ = {isa = PBXBuildFile; fileRef = 666352B127219D8C0084BBA3 /* HomeViewController.swift */; };
		666352BB27219D8C0084BBA3 /* ProfileViewController.swift in Sources */ = {isa = PBXBuildFile; fileRef = 666352B327219D8C0084BBA3 /* ProfileViewController.swift */; };
		666352BC27219D8C0084BBA3 /* SignUpViewController.swift in Sources */ = {isa = PBXBuildFile; fileRef = 666352B527219D8C0084BBA3 /* SignUpViewController.swift */; };
		666352BD27219D8C0084BBA3 /* SignInViewController.swift in Sources */ = {isa = PBXBuildFile; fileRef = 666352B627219D8C0084BBA3 /* SignInViewController.swift */; };
		666352C427219DB60084BBA3 /* AuthManager.swift in Sources */ = {isa = PBXBuildFile; fileRef = 666352C227219DB60084BBA3 /* AuthManager.swift */; };
		666352C627219DDB0084BBA3 /* Useful.swift in Sources */ = {isa = PBXBuildFile; fileRef = 666352C527219DDB0084BBA3 /* Useful.swift */; };
		666352C827219DE30084BBA3 /* Extensions.swift in Sources */ = {isa = PBXBuildFile; fileRef = 666352C727219DE30084BBA3 /* Extensions.swift */; };
		666352CA27219FE00084BBA3 /* TimeWithoutSmokingView.swift in Sources */ = {isa = PBXBuildFile; fileRef = 666352C927219FE00084BBA3 /* TimeWithoutSmokingView.swift */; };
		666352CE2721AED40084BBA3 /* SecondaryTrackerView.swift in Sources */ = {isa = PBXBuildFile; fileRef = 666352CD2721AED40084BBA3 /* SecondaryTrackerView.swift */; };
		666352D42721E7DF0084BBA3 /* SecondaryTrackerModel.swift in Sources */ = {isa = PBXBuildFile; fileRef = 666352D32721E7DF0084BBA3 /* SecondaryTrackerModel.swift */; };
		666352D72721EE4A0084BBA3 /* EasyPeasy in Frameworks */ = {isa = PBXBuildFile; productRef = 666352D62721EE4A0084BBA3 /* EasyPeasy */; };
		666352D92721F6DD0084BBA3 /* TimeElementView.swift in Sources */ = {isa = PBXBuildFile; fileRef = 666352D82721F6DD0084BBA3 /* TimeElementView.swift */; };
		6698CA20272DA568006B9B17 /* LastAchievementView.swift in Sources */ = {isa = PBXBuildFile; fileRef = 6698CA1F272DA568006B9B17 /* LastAchievementView.swift */; };
		6698CA22272DB7F6006B9B17 /* UserWantsToSmokeButton.swift in Sources */ = {isa = PBXBuildFile; fileRef = 6698CA21272DB7F6006B9B17 /* UserWantsToSmokeButton.swift */; };
		6698CA24272DBB36006B9B17 /* UserSmokedView.swift in Sources */ = {isa = PBXBuildFile; fileRef = 6698CA23272DBB36006B9B17 /* UserSmokedView.swift */; };
		6698CA27272DBFB0006B9B17 /* ViewController.swift in Sources */ = {isa = PBXBuildFile; fileRef = 6698CA26272DBFB0006B9B17 /* ViewController.swift */; };
		6698CA2A272DC162006B9B17 /* ViewController2.swift in Sources */ = {isa = PBXBuildFile; fileRef = 6698CA29272DC162006B9B17 /* ViewController2.swift */; };
		6698CA2C272EEAA8006B9B17 /* HomeView.swift in Sources */ = {isa = PBXBuildFile; fileRef = 6698CA2B272EEAA8006B9B17 /* HomeView.swift */; };
		66B1DDAA27442BA400BD0A15 /* UITextField.swift in Sources */ = {isa = PBXBuildFile; fileRef = 66B1DDA927442BA400BD0A15 /* UITextField.swift */; };
		66B1DDAC27442D6500BD0A15 /* UIColor.swift in Sources */ = {isa = PBXBuildFile; fileRef = 66B1DDAB27442D6500BD0A15 /* UIColor.swift */; };
		66B1DDB827445BFF00BD0A15 /* StartFormPresenter.swift in Sources */ = {isa = PBXBuildFile; fileRef = 66B1DDB727445BFF00BD0A15 /* StartFormPresenter.swift */; };
		66B1DDBE27445E3F00BD0A15 /* StartCongratulationsView.swift in Sources */ = {isa = PBXBuildFile; fileRef = 66B1DDBD27445E3F00BD0A15 /* StartCongratulationsView.swift */; };
		66B1DDC027445E5800BD0A15 /* StartCongratulationsViewController.swift in Sources */ = {isa = PBXBuildFile; fileRef = 66B1DDBF27445E5800BD0A15 /* StartCongratulationsViewController.swift */; };
		66B1DDC22744673600BD0A15 /* StartCongratulationsPresenter.swift in Sources */ = {isa = PBXBuildFile; fileRef = 66B1DDC12744673600BD0A15 /* StartCongratulationsPresenter.swift */; };
		66C0E5E1272B2DB10009E454 /* AppCorrdinator.swift in Sources */ = {isa = PBXBuildFile; fileRef = 66C0E5E0272B2DB10009E454 /* AppCorrdinator.swift */; };
		66C0E5E7272B3BA00009E454 /* HomeCoordinator.swift in Sources */ = {isa = PBXBuildFile; fileRef = 66C0E5E6272B3BA00009E454 /* HomeCoordinator.swift */; };
		66C0E5E9272B3BBE0009E454 /* DiaryCoordinator.swift in Sources */ = {isa = PBXBuildFile; fileRef = 66C0E5E8272B3BBE0009E454 /* DiaryCoordinator.swift */; };
		66C0E5EB272B3BC50009E454 /* ProfileCoordinator.swift in Sources */ = {isa = PBXBuildFile; fileRef = 66C0E5EA272B3BC50009E454 /* ProfileCoordinator.swift */; };
		66C0E5EE272B42ED0009E454 /* MainCoordinatorProtocol.swift in Sources */ = {isa = PBXBuildFile; fileRef = 66C0E5ED272B42ED0009E454 /* MainCoordinatorProtocol.swift */; };
		66C0E5F0272B42FD0009E454 /* ChildCoordinatorProtocol.swift in Sources */ = {isa = PBXBuildFile; fileRef = 66C0E5EF272B42FD0009E454 /* ChildCoordinatorProtocol.swift */; };
		66C0E5F7272B46650009E454 /* CoreCoordinatorsConfigurationProtocol.swift in Sources */ = {isa = PBXBuildFile; fileRef = 66C0E5F6272B46650009E454 /* CoreCoordinatorsConfigurationProtocol.swift */; };
		66C0E5F9272B4E040009E454 /* CoreCoordinator.swift in Sources */ = {isa = PBXBuildFile; fileRef = 66C0E5F8272B4E040009E454 /* CoreCoordinator.swift */; };
		66C0E60F272B549E0009E454 /* HomePresenter.swift in Sources */ = {isa = PBXBuildFile; fileRef = 66C0E60E272B549E0009E454 /* HomePresenter.swift */; };
		66D2FDD2273F31950017CB4D /* SignUpPresenter.swift in Sources */ = {isa = PBXBuildFile; fileRef = 66D2FDD1273F31950017CB4D /* SignUpPresenter.swift */; };
		7738BE1E27301B7900FA15A2 /* SignUpView.swift in Sources */ = {isa = PBXBuildFile; fileRef = 7738BE1D27301B7900FA15A2 /* SignUpView.swift */; };
		7738BE2B27301E5800FA15A2 /* ViewPreview.swift in Sources */ = {isa = PBXBuildFile; fileRef = 7738BE2A27301E5800FA15A2 /* ViewPreview.swift */; };
		7738BE2E27301E7000FA15A2 /* ViewControllerPreview.swift in Sources */ = {isa = PBXBuildFile; fileRef = 7738BE2D27301E7000FA15A2 /* ViewControllerPreview.swift */; };
		77EBDC30273ADC8C00E66517 /* GoogleService-Info.plist in Resources */ = {isa = PBXBuildFile; fileRef = 77EBDC2F273ADC8C00E66517 /* GoogleService-Info.plist */; };
		9E2297F327444D85004F4D14 /* SignInPresenter.swift in Sources */ = {isa = PBXBuildFile; fileRef = 9E2297F227444D85004F4D14 /* SignInPresenter.swift */; };
		9EABEF93274117F200E960D6 /* StartFormViewController.swift in Sources */ = {isa = PBXBuildFile; fileRef = 9EABEF92274117F200E960D6 /* StartFormViewController.swift */; };
		9EABEF962741183000E960D6 /* StartFormView.swift in Sources */ = {isa = PBXBuildFile; fileRef = 9EABEF952741183000E960D6 /* StartFormView.swift */; };
		9EAC6A5327307A8B00233D36 /* SignInView.swift in Sources */ = {isa = PBXBuildFile; fileRef = 9EAC6A5227307A8B00233D36 /* SignInView.swift */; };
		BD2EA62D04826AD9610F3E93 /* Pods_SnoKE.framework in Frameworks */ = {isa = PBXBuildFile; fileRef = 73CB1946FA81311EBA100CD0 /* Pods_SnoKE.framework */; };
/* End PBXBuildFile section */

/* Begin PBXFileReference section */
		042BEC0FB1D6F682D69AC4E7 /* Pods-SnoKE.release.xcconfig */ = {isa = PBXFileReference; includeInIndex = 1; lastKnownFileType = text.xcconfig; name = "Pods-SnoKE.release.xcconfig"; path = "Target Support Files/Pods-SnoKE/Pods-SnoKE.release.xcconfig"; sourceTree = "<group>"; };
		602E3236274D4A54004C80E8 /* EmojiView.swift */ = {isa = PBXFileReference; lastKnownFileType = sourcecode.swift; path = EmojiView.swift; sourceTree = "<group>"; };
		606011252746DEF80093E40A /* EmotionDiaryView.swift */ = {isa = PBXFileReference; lastKnownFileType = sourcecode.swift; path = EmotionDiaryView.swift; sourceTree = "<group>"; };
		627DE2AF682AAC7533D12F01 /* Pods-SnoKE.debug.xcconfig */ = {isa = PBXFileReference; includeInIndex = 1; lastKnownFileType = text.xcconfig; name = "Pods-SnoKE.debug.xcconfig"; path = "Target Support Files/Pods-SnoKE/Pods-SnoKE.debug.xcconfig"; sourceTree = "<group>"; };
		6663528C27219C720084BBA3 /* SnoKE.app */ = {isa = PBXFileReference; explicitFileType = wrapper.application; includeInIndex = 0; path = SnoKE.app; sourceTree = BUILT_PRODUCTS_DIR; };
		6663528F27219C720084BBA3 /* AppDelegate.swift */ = {isa = PBXFileReference; lastKnownFileType = sourcecode.swift; path = AppDelegate.swift; sourceTree = "<group>"; };
		6663529127219C720084BBA3 /* SceneDelegate.swift */ = {isa = PBXFileReference; lastKnownFileType = sourcecode.swift; path = SceneDelegate.swift; sourceTree = "<group>"; };
		6663529827219C730084BBA3 /* Assets.xcassets */ = {isa = PBXFileReference; lastKnownFileType = folder.assetcatalog; path = Assets.xcassets; sourceTree = "<group>"; };
		6663529B27219C730084BBA3 /* Base */ = {isa = PBXFileReference; lastKnownFileType = file.storyboard; name = Base; path = Base.lproj/LaunchScreen.storyboard; sourceTree = "<group>"; };
		6663529D27219C730084BBA3 /* Info.plist */ = {isa = PBXFileReference; lastKnownFileType = text.plist.xml; path = Info.plist; sourceTree = "<group>"; };
		666352AF27219D8C0084BBA3 /* EmotionsDiaryViewController.swift */ = {isa = PBXFileReference; fileEncoding = 4; lastKnownFileType = sourcecode.swift; name = EmotionsDiaryViewController.swift; path = ../MoodControl/EmotionsDiaryViewController.swift; sourceTree = "<group>"; };
		666352B027219D8C0084BBA3 /* AchievementsDiaryViewController.swift */ = {isa = PBXFileReference; fileEncoding = 4; lastKnownFileType = sourcecode.swift; path = AchievementsDiaryViewController.swift; sourceTree = "<group>"; };
		666352B127219D8C0084BBA3 /* HomeViewController.swift */ = {isa = PBXFileReference; fileEncoding = 4; lastKnownFileType = sourcecode.swift; path = HomeViewController.swift; sourceTree = "<group>"; };
		666352B327219D8C0084BBA3 /* ProfileViewController.swift */ = {isa = PBXFileReference; fileEncoding = 4; lastKnownFileType = sourcecode.swift; path = ProfileViewController.swift; sourceTree = "<group>"; };
		666352B527219D8C0084BBA3 /* SignUpViewController.swift */ = {isa = PBXFileReference; fileEncoding = 4; lastKnownFileType = sourcecode.swift; path = SignUpViewController.swift; sourceTree = "<group>"; };
		666352B627219D8C0084BBA3 /* SignInViewController.swift */ = {isa = PBXFileReference; fileEncoding = 4; lastKnownFileType = sourcecode.swift; path = SignInViewController.swift; sourceTree = "<group>"; };
		666352C227219DB60084BBA3 /* AuthManager.swift */ = {isa = PBXFileReference; fileEncoding = 4; lastKnownFileType = sourcecode.swift; path = AuthManager.swift; sourceTree = "<group>"; };
		666352C527219DDB0084BBA3 /* Useful.swift */ = {isa = PBXFileReference; fileEncoding = 4; lastKnownFileType = sourcecode.swift; path = Useful.swift; sourceTree = "<group>"; };
		666352C727219DE30084BBA3 /* Extensions.swift */ = {isa = PBXFileReference; fileEncoding = 4; lastKnownFileType = sourcecode.swift; path = Extensions.swift; sourceTree = "<group>"; };
		666352C927219FE00084BBA3 /* TimeWithoutSmokingView.swift */ = {isa = PBXFileReference; lastKnownFileType = sourcecode.swift; path = TimeWithoutSmokingView.swift; sourceTree = "<group>"; };
		666352CD2721AED40084BBA3 /* SecondaryTrackerView.swift */ = {isa = PBXFileReference; lastKnownFileType = sourcecode.swift; path = SecondaryTrackerView.swift; sourceTree = "<group>"; };
		666352D32721E7DF0084BBA3 /* SecondaryTrackerModel.swift */ = {isa = PBXFileReference; lastKnownFileType = sourcecode.swift; path = SecondaryTrackerModel.swift; sourceTree = "<group>"; };
		666352D82721F6DD0084BBA3 /* TimeElementView.swift */ = {isa = PBXFileReference; lastKnownFileType = sourcecode.swift; path = TimeElementView.swift; sourceTree = "<group>"; };
		6698CA1F272DA568006B9B17 /* LastAchievementView.swift */ = {isa = PBXFileReference; lastKnownFileType = sourcecode.swift; path = LastAchievementView.swift; sourceTree = "<group>"; };
		6698CA21272DB7F6006B9B17 /* UserWantsToSmokeButton.swift */ = {isa = PBXFileReference; lastKnownFileType = sourcecode.swift; path = UserWantsToSmokeButton.swift; sourceTree = "<group>"; };
		6698CA23272DBB36006B9B17 /* UserSmokedView.swift */ = {isa = PBXFileReference; lastKnownFileType = sourcecode.swift; path = UserSmokedView.swift; sourceTree = "<group>"; };
		6698CA26272DBFB0006B9B17 /* ViewController.swift */ = {isa = PBXFileReference; lastKnownFileType = sourcecode.swift; path = ViewController.swift; sourceTree = "<group>"; };
		6698CA29272DC162006B9B17 /* ViewController2.swift */ = {isa = PBXFileReference; lastKnownFileType = sourcecode.swift; path = ViewController2.swift; sourceTree = "<group>"; };
		6698CA2B272EEAA8006B9B17 /* HomeView.swift */ = {isa = PBXFileReference; lastKnownFileType = sourcecode.swift; path = HomeView.swift; sourceTree = "<group>"; };
		66B1DDA927442BA400BD0A15 /* UITextField.swift */ = {isa = PBXFileReference; lastKnownFileType = sourcecode.swift; path = UITextField.swift; sourceTree = "<group>"; };
		66B1DDAB27442D6500BD0A15 /* UIColor.swift */ = {isa = PBXFileReference; lastKnownFileType = sourcecode.swift; path = UIColor.swift; sourceTree = "<group>"; };
		66B1DDB727445BFF00BD0A15 /* StartFormPresenter.swift */ = {isa = PBXFileReference; lastKnownFileType = sourcecode.swift; path = StartFormPresenter.swift; sourceTree = "<group>"; };
		66B1DDBD27445E3F00BD0A15 /* StartCongratulationsView.swift */ = {isa = PBXFileReference; lastKnownFileType = sourcecode.swift; path = StartCongratulationsView.swift; sourceTree = "<group>"; };
		66B1DDBF27445E5800BD0A15 /* StartCongratulationsViewController.swift */ = {isa = PBXFileReference; lastKnownFileType = sourcecode.swift; path = StartCongratulationsViewController.swift; sourceTree = "<group>"; };
		66B1DDC12744673600BD0A15 /* StartCongratulationsPresenter.swift */ = {isa = PBXFileReference; lastKnownFileType = sourcecode.swift; path = StartCongratulationsPresenter.swift; sourceTree = "<group>"; };
		66C0E5E0272B2DB10009E454 /* AppCorrdinator.swift */ = {isa = PBXFileReference; lastKnownFileType = sourcecode.swift; path = AppCorrdinator.swift; sourceTree = "<group>"; };
		66C0E5E6272B3BA00009E454 /* HomeCoordinator.swift */ = {isa = PBXFileReference; lastKnownFileType = sourcecode.swift; path = HomeCoordinator.swift; sourceTree = "<group>"; };
		66C0E5E8272B3BBE0009E454 /* DiaryCoordinator.swift */ = {isa = PBXFileReference; lastKnownFileType = sourcecode.swift; path = DiaryCoordinator.swift; sourceTree = "<group>"; };
		66C0E5EA272B3BC50009E454 /* ProfileCoordinator.swift */ = {isa = PBXFileReference; lastKnownFileType = sourcecode.swift; path = ProfileCoordinator.swift; sourceTree = "<group>"; };
		66C0E5ED272B42ED0009E454 /* MainCoordinatorProtocol.swift */ = {isa = PBXFileReference; lastKnownFileType = sourcecode.swift; path = MainCoordinatorProtocol.swift; sourceTree = "<group>"; };
		66C0E5EF272B42FD0009E454 /* ChildCoordinatorProtocol.swift */ = {isa = PBXFileReference; lastKnownFileType = sourcecode.swift; path = ChildCoordinatorProtocol.swift; sourceTree = "<group>"; };
		66C0E5F6272B46650009E454 /* CoreCoordinatorsConfigurationProtocol.swift */ = {isa = PBXFileReference; lastKnownFileType = sourcecode.swift; path = CoreCoordinatorsConfigurationProtocol.swift; sourceTree = "<group>"; };
		66C0E5F8272B4E040009E454 /* CoreCoordinator.swift */ = {isa = PBXFileReference; lastKnownFileType = sourcecode.swift; path = CoreCoordinator.swift; sourceTree = "<group>"; };
		66C0E60E272B549E0009E454 /* HomePresenter.swift */ = {isa = PBXFileReference; lastKnownFileType = sourcecode.swift; path = HomePresenter.swift; sourceTree = "<group>"; };
		66D2FDD1273F31950017CB4D /* SignUpPresenter.swift */ = {isa = PBXFileReference; lastKnownFileType = sourcecode.swift; path = SignUpPresenter.swift; sourceTree = "<group>"; };
		73CB1946FA81311EBA100CD0 /* Pods_SnoKE.framework */ = {isa = PBXFileReference; explicitFileType = wrapper.framework; includeInIndex = 0; path = Pods_SnoKE.framework; sourceTree = BUILT_PRODUCTS_DIR; };
		7738BE1D27301B7900FA15A2 /* SignUpView.swift */ = {isa = PBXFileReference; lastKnownFileType = sourcecode.swift; path = SignUpView.swift; sourceTree = "<group>"; };
		7738BE2A27301E5800FA15A2 /* ViewPreview.swift */ = {isa = PBXFileReference; lastKnownFileType = sourcecode.swift; path = ViewPreview.swift; sourceTree = "<group>"; };
		7738BE2D27301E7000FA15A2 /* ViewControllerPreview.swift */ = {isa = PBXFileReference; lastKnownFileType = sourcecode.swift; path = ViewControllerPreview.swift; sourceTree = "<group>"; };
		77EBDC2F273ADC8C00E66517 /* GoogleService-Info.plist */ = {isa = PBXFileReference; fileEncoding = 4; lastKnownFileType = text.plist.xml; path = "GoogleService-Info.plist"; sourceTree = "<group>"; };
		9E2297F227444D85004F4D14 /* SignInPresenter.swift */ = {isa = PBXFileReference; lastKnownFileType = sourcecode.swift; path = SignInPresenter.swift; sourceTree = "<group>"; };
		9EABEF92274117F200E960D6 /* StartFormViewController.swift */ = {isa = PBXFileReference; lastKnownFileType = sourcecode.swift; path = StartFormViewController.swift; sourceTree = "<group>"; };
		9EABEF952741183000E960D6 /* StartFormView.swift */ = {isa = PBXFileReference; lastKnownFileType = sourcecode.swift; path = StartFormView.swift; sourceTree = "<group>"; };
		9EAC6A5227307A8B00233D36 /* SignInView.swift */ = {isa = PBXFileReference; lastKnownFileType = sourcecode.swift; path = SignInView.swift; sourceTree = "<group>"; };
/* End PBXFileReference section */

/* Begin PBXFrameworksBuildPhase section */
		6663528927219C720084BBA3 /* Frameworks */ = {
			isa = PBXFrameworksBuildPhase;
			buildActionMask = 2147483647;
			files = (
				666352D72721EE4A0084BBA3 /* EasyPeasy in Frameworks */,
				BD2EA62D04826AD9610F3E93 /* Pods_SnoKE.framework in Frameworks */,
			);
			runOnlyForDeploymentPostprocessing = 0;
		};
/* End PBXFrameworksBuildPhase section */

/* Begin PBXGroup section */
		30434F02A19713DA31B81724 /* Frameworks */ = {
			isa = PBXGroup;
			children = (
				73CB1946FA81311EBA100CD0 /* Pods_SnoKE.framework */,
			);
			name = Frameworks;
			sourceTree = "<group>";
		};
		3DFEA729A64D40F4277BBF34 /* Pods */ = {
			isa = PBXGroup;
			children = (
				627DE2AF682AAC7533D12F01 /* Pods-SnoKE.debug.xcconfig */,
				042BEC0FB1D6F682D69AC4E7 /* Pods-SnoKE.release.xcconfig */,
			);
			path = Pods;
			sourceTree = "<group>";
		};
		6060112A2746DFB40093E40A /* MoodControl */ = {
			isa = PBXGroup;
			children = (
				606011252746DEF80093E40A /* EmotionDiaryView.swift */,
				602E3236274D4A54004C80E8 /* EmojiView.swift */,
			);
			path = MoodControl;
			sourceTree = "<group>";
		};
		6663528327219C720084BBA3 = {
			isa = PBXGroup;
			children = (
				6663528E27219C720084BBA3 /* SnoKE */,
				6663528D27219C720084BBA3 /* Products */,
				3DFEA729A64D40F4277BBF34 /* Pods */,
				30434F02A19713DA31B81724 /* Frameworks */,
			);
			sourceTree = "<group>";
		};
		6663528D27219C720084BBA3 /* Products */ = {
			isa = PBXGroup;
			children = (
				6663528C27219C720084BBA3 /* SnoKE.app */,
			);
			name = Products;
			sourceTree = "<group>";
		};
		6663528E27219C720084BBA3 /* SnoKE */ = {
			isa = PBXGroup;
			children = (
				666352A927219D170084BBA3 /* Resources */,
				66C0E5DC272B2D210009E454 /* Coordinators */,
				66C0E5D9272B2CEE0009E454 /* Scenes */,
				666352C027219DB60084BBA3 /* Services */,
			);
			path = SnoKE;
			sourceTree = "<group>";
		};
		666352A927219D170084BBA3 /* Resources */ = {
			isa = PBXGroup;
			children = (
				66C0E5DE272B2D520009E454 /* Helpers */,
				66C0E5DD272B2D370009E454 /* Extensions */,
				66C0E5DF272B2D5C0009E454 /* System */,
			);
			path = Resources;
			sourceTree = "<group>";
		};
		666352C027219DB60084BBA3 /* Services */ = {
			isa = PBXGroup;
			children = (
				666352C227219DB60084BBA3 /* AuthManager.swift */,
			);
			path = Services;
			sourceTree = "<group>";
		};
		6698CA25272DBF86006B9B17 /* UserWantsToSmoke */ = {
			isa = PBXGroup;
			children = (
				6698CA26272DBFB0006B9B17 /* ViewController.swift */,
			);
			path = UserWantsToSmoke;
			sourceTree = "<group>";
		};
		6698CA28272DC154006B9B17 /* UserSmoked */ = {
			isa = PBXGroup;
			children = (
				6698CA29272DC162006B9B17 /* ViewController2.swift */,
			);
			path = UserSmoked;
			sourceTree = "<group>";
		};
		66B1DDB327445A1200BD0A15 /* StartForm */ = {
			isa = PBXGroup;
			children = (
				66B1DDB627445BF100BD0A15 /* Presenters */,
				66B1DDB527445A4B00BD0A15 /* ViewControllers */,
				66B1DDB427445A4200BD0A15 /* Views */,
			);
			path = StartForm;
			sourceTree = "<group>";
		};
		66B1DDB427445A4200BD0A15 /* Views */ = {
			isa = PBXGroup;
			children = (
				9EABEF952741183000E960D6 /* StartFormView.swift */,
			);
			path = Views;
			sourceTree = "<group>";
		};
		66B1DDB527445A4B00BD0A15 /* ViewControllers */ = {
			isa = PBXGroup;
			children = (
				9EABEF92274117F200E960D6 /* StartFormViewController.swift */,
			);
			path = ViewControllers;
			sourceTree = "<group>";
		};
		66B1DDB627445BF100BD0A15 /* Presenters */ = {
			isa = PBXGroup;
			children = (
				66B1DDB727445BFF00BD0A15 /* StartFormPresenter.swift */,
			);
			path = Presenters;
			sourceTree = "<group>";
		};
		66B1DDB927445E0700BD0A15 /* StartCongratulations */ = {
			isa = PBXGroup;
			children = (
				66B1DDBC27445E2A00BD0A15 /* ViewControllers */,
				66B1DDBB27445E2400BD0A15 /* Presenters */,
				66B1DDBA27445E1D00BD0A15 /* Views */,
			);
			path = StartCongratulations;
			sourceTree = "<group>";
		};
		66B1DDBA27445E1D00BD0A15 /* Views */ = {
			isa = PBXGroup;
			children = (
				66B1DDBD27445E3F00BD0A15 /* StartCongratulationsView.swift */,
			);
			path = Views;
			sourceTree = "<group>";
		};
		66B1DDBB27445E2400BD0A15 /* Presenters */ = {
			isa = PBXGroup;
			children = (
				66B1DDC12744673600BD0A15 /* StartCongratulationsPresenter.swift */,
			);
			path = Presenters;
			sourceTree = "<group>";
		};
		66B1DDBC27445E2A00BD0A15 /* ViewControllers */ = {
			isa = PBXGroup;
			children = (
				66B1DDBF27445E5800BD0A15 /* StartCongratulationsViewController.swift */,
			);
			path = ViewControllers;
			sourceTree = "<group>";
		};
		66C0E5D9272B2CEE0009E454 /* Scenes */ = {
			isa = PBXGroup;
			children = (
				66C0E5DA272B2CFB0009E454 /* Core */,
				66C0E5DB272B2CFF0009E454 /* Other */,
			);
			path = Scenes;
			sourceTree = "<group>";
		};
		66C0E5DA272B2CFB0009E454 /* Core */ = {
			isa = PBXGroup;
			children = (
				66C0E5E2272B2DF50009E454 /* Home */,
				66C0E5E3272B2E120009E454 /* Diary */,
				66C0E5E4272B2E1D0009E454 /* Profile */,
			);
			path = Core;
			sourceTree = "<group>";
		};
		66C0E5DB272B2CFF0009E454 /* Other */ = {
			isa = PBXGroup;
			children = (
				66B1DDB927445E0700BD0A15 /* StartCongratulations */,
				66B1DDB327445A1200BD0A15 /* StartForm */,
				7738BE2827301E2300FA15A2 /* Preview */,
				6698CA28272DC154006B9B17 /* UserSmoked */,
				6698CA25272DBF86006B9B17 /* UserWantsToSmoke */,
				66C0E607272B52890009E454 /* SignIn */,
				66C0E602272B52650009E454 /* SignUp */,
			);
			path = Other;
			sourceTree = "<group>";
		};
		66C0E5DC272B2D210009E454 /* Coordinators */ = {
			isa = PBXGroup;
			children = (
				66C0E5E0272B2DB10009E454 /* AppCorrdinator.swift */,
				66C0E5EC272B42B10009E454 /* Protocols */,
				66C0E60C272B52D50009E454 /* Core */,
			);
			path = Coordinators;
			sourceTree = "<group>";
		};
		66C0E5DD272B2D370009E454 /* Extensions */ = {
			isa = PBXGroup;
			children = (
				666352C727219DE30084BBA3 /* Extensions.swift */,
				66B1DDA927442BA400BD0A15 /* UITextField.swift */,
				66B1DDAB27442D6500BD0A15 /* UIColor.swift */,
			);
			path = Extensions;
			sourceTree = "<group>";
		};
		66C0E5DE272B2D520009E454 /* Helpers */ = {
			isa = PBXGroup;
			children = (
				666352C527219DDB0084BBA3 /* Useful.swift */,
			);
			path = Helpers;
			sourceTree = "<group>";
		};
		66C0E5DF272B2D5C0009E454 /* System */ = {
			isa = PBXGroup;
			children = (
				6663529827219C730084BBA3 /* Assets.xcassets */,
				6663529127219C720084BBA3 /* SceneDelegate.swift */,
				6663528F27219C720084BBA3 /* AppDelegate.swift */,
				6663529A27219C730084BBA3 /* LaunchScreen.storyboard */,
				6663529D27219C730084BBA3 /* Info.plist */,
				77EBDC2F273ADC8C00E66517 /* GoogleService-Info.plist */,
			);
			path = System;
			sourceTree = "<group>";
		};
		66C0E5E2272B2DF50009E454 /* Home */ = {
			isa = PBXGroup;
			children = (
				66C0E5F2272B45750009E454 /* Models */,
				66C0E5F5272B45910009E454 /* Views */,
				66C0E5F4272B45880009E454 /* Presenters */,
				66C0E5F1272B45460009E454 /* ViewControllers */,
			);
			path = Home;
			sourceTree = "<group>";
		};
		66C0E5E3272B2E120009E454 /* Diary */ = {
			isa = PBXGroup;
			children = (
				6060112A2746DFB40093E40A /* MoodControl */,
				66C0E5FD272B521F0009E454 /* ViewControllers */,
			);
			path = Diary;
			sourceTree = "<group>";
		};
		66C0E5E4272B2E1D0009E454 /* Profile */ = {
			isa = PBXGroup;
			children = (
				9EABEF942741180200E960D6 /* Views */,
				66C0E601272B52550009E454 /* Models */,
				66C0E5FF272B524A0009E454 /* Presenters */,
				66C0E5FE272B52420009E454 /* ViewControllers */,
			);
			path = Profile;
			sourceTree = "<group>";
		};
		66C0E5EC272B42B10009E454 /* Protocols */ = {
			isa = PBXGroup;
			children = (
				66C0E5ED272B42ED0009E454 /* MainCoordinatorProtocol.swift */,
				66C0E5EF272B42FD0009E454 /* ChildCoordinatorProtocol.swift */,
				66C0E5F6272B46650009E454 /* CoreCoordinatorsConfigurationProtocol.swift */,
			);
			path = Protocols;
			sourceTree = "<group>";
		};
		66C0E5F1272B45460009E454 /* ViewControllers */ = {
			isa = PBXGroup;
			children = (
				666352B127219D8C0084BBA3 /* HomeViewController.swift */,
			);
			path = ViewControllers;
			sourceTree = "<group>";
		};
		66C0E5F2272B45750009E454 /* Models */ = {
			isa = PBXGroup;
			children = (
				666352D32721E7DF0084BBA3 /* SecondaryTrackerModel.swift */,
			);
			path = Models;
			sourceTree = "<group>";
		};
		66C0E5F4272B45880009E454 /* Presenters */ = {
			isa = PBXGroup;
			children = (
				66C0E60E272B549E0009E454 /* HomePresenter.swift */,
			);
			path = Presenters;
			sourceTree = "<group>";
		};
		66C0E5F5272B45910009E454 /* Views */ = {
			isa = PBXGroup;
			children = (
				666352CD2721AED40084BBA3 /* SecondaryTrackerView.swift */,
				666352D82721F6DD0084BBA3 /* TimeElementView.swift */,
				666352C927219FE00084BBA3 /* TimeWithoutSmokingView.swift */,
				6698CA1F272DA568006B9B17 /* LastAchievementView.swift */,
				6698CA21272DB7F6006B9B17 /* UserWantsToSmokeButton.swift */,
				6698CA23272DBB36006B9B17 /* UserSmokedView.swift */,
				6698CA2B272EEAA8006B9B17 /* HomeView.swift */,
			);
			path = Views;
			sourceTree = "<group>";
		};
		66C0E5FD272B521F0009E454 /* ViewControllers */ = {
			isa = PBXGroup;
			children = (
				666352AF27219D8C0084BBA3 /* EmotionsDiaryViewController.swift */,
				666352B027219D8C0084BBA3 /* AchievementsDiaryViewController.swift */,
			);
			path = ViewControllers;
			sourceTree = "<group>";
		};
		66C0E5FE272B52420009E454 /* ViewControllers */ = {
			isa = PBXGroup;
			children = (
				666352B327219D8C0084BBA3 /* ProfileViewController.swift */,
			);
			path = ViewControllers;
			sourceTree = "<group>";
		};
		66C0E5FF272B524A0009E454 /* Presenters */ = {
			isa = PBXGroup;
			children = (
			);
			path = Presenters;
			sourceTree = "<group>";
		};
		66C0E601272B52550009E454 /* Models */ = {
			isa = PBXGroup;
			children = (
			);
			path = Models;
			sourceTree = "<group>";
		};
		66C0E602272B52650009E454 /* SignUp */ = {
			isa = PBXGroup;
			children = (
				66D2FDD5273F32200017CB4D /* Model */,
				66D2FDD4273F31FB0017CB4D /* View */,
				66D2FDD3273F31F30017CB4D /* ViewControllers */,
				66D2FDD0273F31510017CB4D /* Presenter */,
			);
			path = SignUp;
			sourceTree = "<group>";
		};
		66C0E607272B52890009E454 /* SignIn */ = {
			isa = PBXGroup;
			children = (
				9E2297F4274450C6004F4D14 /* Presenters */,
				9EAC6A5127307A6300233D36 /* View */,
				66C0E60B272B52A30009E454 /* Models */,
				66C0E608272B528D0009E454 /* ViewControllers */,
			);
			path = SignIn;
			sourceTree = "<group>";
		};
		66C0E608272B528D0009E454 /* ViewControllers */ = {
			isa = PBXGroup;
			children = (
				666352B627219D8C0084BBA3 /* SignInViewController.swift */,
			);
			path = ViewControllers;
			sourceTree = "<group>";
		};
		66C0E60B272B52A30009E454 /* Models */ = {
			isa = PBXGroup;
			children = (
			);
			path = Models;
			sourceTree = "<group>";
		};
		66C0E60C272B52D50009E454 /* Core */ = {
			isa = PBXGroup;
			children = (
				66C0E5F8272B4E040009E454 /* CoreCoordinator.swift */,
				66C0E5E6272B3BA00009E454 /* HomeCoordinator.swift */,
				66C0E5E8272B3BBE0009E454 /* DiaryCoordinator.swift */,
				66C0E5EA272B3BC50009E454 /* ProfileCoordinator.swift */,
			);
			path = Core;
			sourceTree = "<group>";
		};
		66D2FDD0273F31510017CB4D /* Presenter */ = {
			isa = PBXGroup;
			children = (
				66D2FDD1273F31950017CB4D /* SignUpPresenter.swift */,
			);
			path = Presenter;
			sourceTree = "<group>";
		};
		66D2FDD3273F31F30017CB4D /* ViewControllers */ = {
			isa = PBXGroup;
			children = (
				666352B527219D8C0084BBA3 /* SignUpViewController.swift */,
			);
			path = ViewControllers;
			sourceTree = "<group>";
		};
		66D2FDD4273F31FB0017CB4D /* View */ = {
			isa = PBXGroup;
			children = (
				7738BE1D27301B7900FA15A2 /* SignUpView.swift */,
			);
			path = View;
			sourceTree = "<group>";
		};
		66D2FDD5273F32200017CB4D /* Model */ = {
			isa = PBXGroup;
			children = (
			);
			path = Model;
			sourceTree = "<group>";
		};
		7738BE2827301E2300FA15A2 /* Preview */ = {
			isa = PBXGroup;
			children = (
				7738BE2D27301E7000FA15A2 /* ViewControllerPreview.swift */,
				7738BE2A27301E5800FA15A2 /* ViewPreview.swift */,
			);
			path = Preview;
			sourceTree = "<group>";
		};
		9E2297F4274450C6004F4D14 /* Presenters */ = {
			isa = PBXGroup;
			children = (
				9E2297F227444D85004F4D14 /* SignInPresenter.swift */,
			);
			path = Presenters;
			sourceTree = "<group>";
		};
		9EABEF942741180200E960D6 /* Views */ = {
			isa = PBXGroup;
			children = (
			);
			path = Views;
			sourceTree = "<group>";
		};
		9EAC6A5127307A6300233D36 /* View */ = {
			isa = PBXGroup;
			children = (
				9EAC6A5227307A8B00233D36 /* SignInView.swift */,
			);
			path = View;
			sourceTree = "<group>";
		};
/* End PBXGroup section */

/* Begin PBXNativeTarget section */
		6663528B27219C720084BBA3 /* SnoKE */ = {
			isa = PBXNativeTarget;
			buildConfigurationList = 666352A027219C730084BBA3 /* Build configuration list for PBXNativeTarget "SnoKE" */;
			buildPhases = (
				62BD7A8FC994057EBF69B014 /* [CP] Check Pods Manifest.lock */,
				6663528827219C720084BBA3 /* Sources */,
				6663528927219C720084BBA3 /* Frameworks */,
				6663528A27219C720084BBA3 /* Resources */,
				78645EEFBBB964F45CED45BD /* [CP] Embed Pods Frameworks */,
			);
			buildRules = (
			);
			dependencies = (
			);
			name = SnoKE;
			packageProductDependencies = (
				666352D62721EE4A0084BBA3 /* EasyPeasy */,
			);
			productName = SnoKE;
			productReference = 6663528C27219C720084BBA3 /* SnoKE.app */;
			productType = "com.apple.product-type.application";
		};
/* End PBXNativeTarget section */

/* Begin PBXProject section */
		6663528427219C720084BBA3 /* Project object */ = {
			isa = PBXProject;
			attributes = {
				LastSwiftUpdateCheck = 1250;
				LastUpgradeCheck = 1250;
				TargetAttributes = {
					6663528B27219C720084BBA3 = {
						CreatedOnToolsVersion = 12.5;
					};
				};
			};
			buildConfigurationList = 6663528727219C720084BBA3 /* Build configuration list for PBXProject "SnoKE" */;
			compatibilityVersion = "Xcode 9.3";
			developmentRegion = en;
			hasScannedForEncodings = 0;
			knownRegions = (
				en,
				Base,
			);
			mainGroup = 6663528327219C720084BBA3;
			packageReferences = (
				666352D52721EE4A0084BBA3 /* XCRemoteSwiftPackageReference "EasyPeasy" */,
			);
			productRefGroup = 6663528D27219C720084BBA3 /* Products */;
			projectDirPath = "";
			projectRoot = "";
			targets = (
				6663528B27219C720084BBA3 /* SnoKE */,
			);
		};
/* End PBXProject section */

/* Begin PBXResourcesBuildPhase section */
		6663528A27219C720084BBA3 /* Resources */ = {
			isa = PBXResourcesBuildPhase;
			buildActionMask = 2147483647;
			files = (
				6663529C27219C730084BBA3 /* LaunchScreen.storyboard in Resources */,
				6663529927219C730084BBA3 /* Assets.xcassets in Resources */,
				77EBDC30273ADC8C00E66517 /* GoogleService-Info.plist in Resources */,
			);
			runOnlyForDeploymentPostprocessing = 0;
		};
/* End PBXResourcesBuildPhase section */

/* Begin PBXShellScriptBuildPhase section */
		62BD7A8FC994057EBF69B014 /* [CP] Check Pods Manifest.lock */ = {
			isa = PBXShellScriptBuildPhase;
			buildActionMask = 2147483647;
			files = (
			);
			inputFileListPaths = (
			);
			inputPaths = (
				"${PODS_PODFILE_DIR_PATH}/Podfile.lock",
				"${PODS_ROOT}/Manifest.lock",
			);
			name = "[CP] Check Pods Manifest.lock";
			outputFileListPaths = (
			);
			outputPaths = (
				"$(DERIVED_FILE_DIR)/Pods-SnoKE-checkManifestLockResult.txt",
			);
			runOnlyForDeploymentPostprocessing = 0;
			shellPath = /bin/sh;
			shellScript = "diff \"${PODS_PODFILE_DIR_PATH}/Podfile.lock\" \"${PODS_ROOT}/Manifest.lock\" > /dev/null\nif [ $? != 0 ] ; then\n    # print error to STDERR\n    echo \"error: The sandbox is not in sync with the Podfile.lock. Run 'pod install' or update your CocoaPods installation.\" >&2\n    exit 1\nfi\n# This output is used by Xcode 'outputs' to avoid re-running this script phase.\necho \"SUCCESS\" > \"${SCRIPT_OUTPUT_FILE_0}\"\n";
			showEnvVarsInLog = 0;
		};
		78645EEFBBB964F45CED45BD /* [CP] Embed Pods Frameworks */ = {
			isa = PBXShellScriptBuildPhase;
			buildActionMask = 2147483647;
			files = (
			);
			inputFileListPaths = (
				"${PODS_ROOT}/Target Support Files/Pods-SnoKE/Pods-SnoKE-frameworks-${CONFIGURATION}-input-files.xcfilelist",
			);
			name = "[CP] Embed Pods Frameworks";
			outputFileListPaths = (
				"${PODS_ROOT}/Target Support Files/Pods-SnoKE/Pods-SnoKE-frameworks-${CONFIGURATION}-output-files.xcfilelist",
			);
			runOnlyForDeploymentPostprocessing = 0;
			shellPath = /bin/sh;
			shellScript = "\"${PODS_ROOT}/Target Support Files/Pods-SnoKE/Pods-SnoKE-frameworks.sh\"\n";
			showEnvVarsInLog = 0;
		};
/* End PBXShellScriptBuildPhase section */

/* Begin PBXSourcesBuildPhase section */
		6663528827219C720084BBA3 /* Sources */ = {
			isa = PBXSourcesBuildPhase;
			buildActionMask = 2147483647;
			files = (
				6698CA24272DBB36006B9B17 /* UserSmokedView.swift in Sources */,
				666352B927219D8C0084BBA3 /* HomeViewController.swift in Sources */,
				66C0E5EB272B3BC50009E454 /* ProfileCoordinator.swift in Sources */,
				666352B727219D8C0084BBA3 /* EmotionsDiaryViewController.swift in Sources */,
				666352BC27219D8C0084BBA3 /* SignUpViewController.swift in Sources */,
				6698CA2A272DC162006B9B17 /* ViewController2.swift in Sources */,
				66B1DDB827445BFF00BD0A15 /* StartFormPresenter.swift in Sources */,
				6663529027219C720084BBA3 /* AppDelegate.swift in Sources */,
				666352CA27219FE00084BBA3 /* TimeWithoutSmokingView.swift in Sources */,
				7738BE2E27301E7000FA15A2 /* ViewControllerPreview.swift in Sources */,
				66C0E5E9272B3BBE0009E454 /* DiaryCoordinator.swift in Sources */,
				66C0E5F7272B46650009E454 /* CoreCoordinatorsConfigurationProtocol.swift in Sources */,
				666352B827219D8C0084BBA3 /* AchievementsDiaryViewController.swift in Sources */,
				6698CA20272DA568006B9B17 /* LastAchievementView.swift in Sources */,
				666352BD27219D8C0084BBA3 /* SignInViewController.swift in Sources */,
				9EABEF93274117F200E960D6 /* StartFormViewController.swift in Sources */,
				9EAC6A5327307A8B00233D36 /* SignInView.swift in Sources */,
				666352BB27219D8C0084BBA3 /* ProfileViewController.swift in Sources */,
				66B1DDAA27442BA400BD0A15 /* UITextField.swift in Sources */,
				666352C827219DE30084BBA3 /* Extensions.swift in Sources */,
				6698CA2C272EEAA8006B9B17 /* HomeView.swift in Sources */,
				66B1DDC22744673600BD0A15 /* StartCongratulationsPresenter.swift in Sources */,
				66D2FDD2273F31950017CB4D /* SignUpPresenter.swift in Sources */,
				66C0E60F272B549E0009E454 /* HomePresenter.swift in Sources */,
				66B1DDAC27442D6500BD0A15 /* UIColor.swift in Sources */,
				66C0E5F9272B4E040009E454 /* CoreCoordinator.swift in Sources */,
				9E2297F327444D85004F4D14 /* SignInPresenter.swift in Sources */,
				666352D42721E7DF0084BBA3 /* SecondaryTrackerModel.swift in Sources */,
				666352C427219DB60084BBA3 /* AuthManager.swift in Sources */,
				66C0E5F0272B42FD0009E454 /* ChildCoordinatorProtocol.swift in Sources */,
				66B1DDBE27445E3F00BD0A15 /* StartCongratulationsView.swift in Sources */,
				6698CA27272DBFB0006B9B17 /* ViewController.swift in Sources */,
				66C0E5EE272B42ED0009E454 /* MainCoordinatorProtocol.swift in Sources */,
				66C0E5E1272B2DB10009E454 /* AppCorrdinator.swift in Sources */,
				606011262746DEF80093E40A /* EmotionDiaryView.swift in Sources */,
				666352CE2721AED40084BBA3 /* SecondaryTrackerView.swift in Sources */,
				66B1DDC027445E5800BD0A15 /* StartCongratulationsViewController.swift in Sources */,
				7738BE2B27301E5800FA15A2 /* ViewPreview.swift in Sources */,
				6698CA22272DB7F6006B9B17 /* UserWantsToSmokeButton.swift in Sources */,
				666352D92721F6DD0084BBA3 /* TimeElementView.swift in Sources */,
				7738BE1E27301B7900FA15A2 /* SignUpView.swift in Sources */,
				9EABEF962741183000E960D6 /* StartFormView.swift in Sources */,
				6663529227219C720084BBA3 /* SceneDelegate.swift in Sources */,
				602E3237274D4A54004C80E8 /* EmojiView.swift in Sources */,
				666352C627219DDB0084BBA3 /* Useful.swift in Sources */,
				66C0E5E7272B3BA00009E454 /* HomeCoordinator.swift in Sources */,
			);
			runOnlyForDeploymentPostprocessing = 0;
		};
/* End PBXSourcesBuildPhase section */

/* Begin PBXVariantGroup section */
		6663529A27219C730084BBA3 /* LaunchScreen.storyboard */ = {
			isa = PBXVariantGroup;
			children = (
				6663529B27219C730084BBA3 /* Base */,
			);
			name = LaunchScreen.storyboard;
			sourceTree = "<group>";
		};
/* End PBXVariantGroup section */

/* Begin XCBuildConfiguration section */
		6663529E27219C730084BBA3 /* Debug */ = {
			isa = XCBuildConfiguration;
			buildSettings = {
				ALWAYS_SEARCH_USER_PATHS = NO;
				CLANG_ANALYZER_NONNULL = YES;
				CLANG_ANALYZER_NUMBER_OBJECT_CONVERSION = YES_AGGRESSIVE;
				CLANG_CXX_LANGUAGE_STANDARD = "gnu++14";
				CLANG_CXX_LIBRARY = "libc++";
				CLANG_ENABLE_MODULES = YES;
				CLANG_ENABLE_OBJC_ARC = YES;
				CLANG_ENABLE_OBJC_WEAK = YES;
				CLANG_WARN_BLOCK_CAPTURE_AUTORELEASING = YES;
				CLANG_WARN_BOOL_CONVERSION = YES;
				CLANG_WARN_COMMA = YES;
				CLANG_WARN_CONSTANT_CONVERSION = YES;
				CLANG_WARN_DEPRECATED_OBJC_IMPLEMENTATIONS = YES;
				CLANG_WARN_DIRECT_OBJC_ISA_USAGE = YES_ERROR;
				CLANG_WARN_DOCUMENTATION_COMMENTS = YES;
				CLANG_WARN_EMPTY_BODY = YES;
				CLANG_WARN_ENUM_CONVERSION = YES;
				CLANG_WARN_INFINITE_RECURSION = YES;
				CLANG_WARN_INT_CONVERSION = YES;
				CLANG_WARN_NON_LITERAL_NULL_CONVERSION = YES;
				CLANG_WARN_OBJC_IMPLICIT_RETAIN_SELF = YES;
				CLANG_WARN_OBJC_LITERAL_CONVERSION = YES;
				CLANG_WARN_OBJC_ROOT_CLASS = YES_ERROR;
				CLANG_WARN_QUOTED_INCLUDE_IN_FRAMEWORK_HEADER = YES;
				CLANG_WARN_RANGE_LOOP_ANALYSIS = YES;
				CLANG_WARN_STRICT_PROTOTYPES = YES;
				CLANG_WARN_SUSPICIOUS_MOVE = YES;
				CLANG_WARN_UNGUARDED_AVAILABILITY = YES_AGGRESSIVE;
				CLANG_WARN_UNREACHABLE_CODE = YES;
				CLANG_WARN__DUPLICATE_METHOD_MATCH = YES;
				COPY_PHASE_STRIP = NO;
				DEBUG_INFORMATION_FORMAT = dwarf;
				ENABLE_STRICT_OBJC_MSGSEND = YES;
				ENABLE_TESTABILITY = YES;
				GCC_C_LANGUAGE_STANDARD = gnu11;
				GCC_DYNAMIC_NO_PIC = NO;
				GCC_NO_COMMON_BLOCKS = YES;
				GCC_OPTIMIZATION_LEVEL = 0;
				GCC_PREPROCESSOR_DEFINITIONS = (
					"DEBUG=1",
					"$(inherited)",
				);
				GCC_WARN_64_TO_32_BIT_CONVERSION = YES;
				GCC_WARN_ABOUT_RETURN_TYPE = YES_ERROR;
				GCC_WARN_UNDECLARED_SELECTOR = YES;
				GCC_WARN_UNINITIALIZED_AUTOS = YES_AGGRESSIVE;
				GCC_WARN_UNUSED_FUNCTION = YES;
				GCC_WARN_UNUSED_VARIABLE = YES;
				IPHONEOS_DEPLOYMENT_TARGET = 14.2;
				MTL_ENABLE_DEBUG_INFO = INCLUDE_SOURCE;
				MTL_FAST_MATH = YES;
				ONLY_ACTIVE_ARCH = YES;
				SDKROOT = iphoneos;
				SWIFT_ACTIVE_COMPILATION_CONDITIONS = DEBUG;
				SWIFT_OPTIMIZATION_LEVEL = "-Onone";
			};
			name = Debug;
		};
		6663529F27219C730084BBA3 /* Release */ = {
			isa = XCBuildConfiguration;
			buildSettings = {
				ALWAYS_SEARCH_USER_PATHS = NO;
				CLANG_ANALYZER_NONNULL = YES;
				CLANG_ANALYZER_NUMBER_OBJECT_CONVERSION = YES_AGGRESSIVE;
				CLANG_CXX_LANGUAGE_STANDARD = "gnu++14";
				CLANG_CXX_LIBRARY = "libc++";
				CLANG_ENABLE_MODULES = YES;
				CLANG_ENABLE_OBJC_ARC = YES;
				CLANG_ENABLE_OBJC_WEAK = YES;
				CLANG_WARN_BLOCK_CAPTURE_AUTORELEASING = YES;
				CLANG_WARN_BOOL_CONVERSION = YES;
				CLANG_WARN_COMMA = YES;
				CLANG_WARN_CONSTANT_CONVERSION = YES;
				CLANG_WARN_DEPRECATED_OBJC_IMPLEMENTATIONS = YES;
				CLANG_WARN_DIRECT_OBJC_ISA_USAGE = YES_ERROR;
				CLANG_WARN_DOCUMENTATION_COMMENTS = YES;
				CLANG_WARN_EMPTY_BODY = YES;
				CLANG_WARN_ENUM_CONVERSION = YES;
				CLANG_WARN_INFINITE_RECURSION = YES;
				CLANG_WARN_INT_CONVERSION = YES;
				CLANG_WARN_NON_LITERAL_NULL_CONVERSION = YES;
				CLANG_WARN_OBJC_IMPLICIT_RETAIN_SELF = YES;
				CLANG_WARN_OBJC_LITERAL_CONVERSION = YES;
				CLANG_WARN_OBJC_ROOT_CLASS = YES_ERROR;
				CLANG_WARN_QUOTED_INCLUDE_IN_FRAMEWORK_HEADER = YES;
				CLANG_WARN_RANGE_LOOP_ANALYSIS = YES;
				CLANG_WARN_STRICT_PROTOTYPES = YES;
				CLANG_WARN_SUSPICIOUS_MOVE = YES;
				CLANG_WARN_UNGUARDED_AVAILABILITY = YES_AGGRESSIVE;
				CLANG_WARN_UNREACHABLE_CODE = YES;
				CLANG_WARN__DUPLICATE_METHOD_MATCH = YES;
				COPY_PHASE_STRIP = NO;
				DEBUG_INFORMATION_FORMAT = "dwarf-with-dsym";
				ENABLE_NS_ASSERTIONS = NO;
				ENABLE_STRICT_OBJC_MSGSEND = YES;
				GCC_C_LANGUAGE_STANDARD = gnu11;
				GCC_NO_COMMON_BLOCKS = YES;
				GCC_WARN_64_TO_32_BIT_CONVERSION = YES;
				GCC_WARN_ABOUT_RETURN_TYPE = YES_ERROR;
				GCC_WARN_UNDECLARED_SELECTOR = YES;
				GCC_WARN_UNINITIALIZED_AUTOS = YES_AGGRESSIVE;
				GCC_WARN_UNUSED_FUNCTION = YES;
				GCC_WARN_UNUSED_VARIABLE = YES;
				IPHONEOS_DEPLOYMENT_TARGET = 14.2;
				MTL_ENABLE_DEBUG_INFO = NO;
				MTL_FAST_MATH = YES;
				SDKROOT = iphoneos;
				SWIFT_COMPILATION_MODE = wholemodule;
				SWIFT_OPTIMIZATION_LEVEL = "-O";
				VALIDATE_PRODUCT = YES;
			};
			name = Release;
		};
		666352A127219C730084BBA3 /* Debug */ = {
			isa = XCBuildConfiguration;
			baseConfigurationReference = 627DE2AF682AAC7533D12F01 /* Pods-SnoKE.debug.xcconfig */;
			buildSettings = {
				ASSETCATALOG_COMPILER_APPICON_NAME = AppIcon;
				ASSETCATALOG_COMPILER_GLOBAL_ACCENT_COLOR_NAME = AccentColor;
				CODE_SIGN_IDENTITY = "Apple Development";
				CODE_SIGN_STYLE = Automatic;
				DEVELOPMENT_TEAM = 47WHL37PTX;
				INFOPLIST_FILE = SnoKE/Resources/System/Info.plist;
				IPHONEOS_DEPLOYMENT_TARGET = 14.2;
				LD_RUNPATH_SEARCH_PATHS = (
					"$(inherited)",
					"@executable_path/Frameworks",
				);
				PRODUCT_BUNDLE_IDENTIFIER = com.SnoKEapp.SnoKE;
				PRODUCT_NAME = "$(TARGET_NAME)";
				PROVISIONING_PROFILE_SPECIFIER = "";
				SWIFT_VERSION = 5.0;
				TARGETED_DEVICE_FAMILY = "1,2";
			};
			name = Debug;
		};
		666352A227219C730084BBA3 /* Release */ = {
			isa = XCBuildConfiguration;
			baseConfigurationReference = 042BEC0FB1D6F682D69AC4E7 /* Pods-SnoKE.release.xcconfig */;
			buildSettings = {
				ASSETCATALOG_COMPILER_APPICON_NAME = AppIcon;
				ASSETCATALOG_COMPILER_GLOBAL_ACCENT_COLOR_NAME = AccentColor;
				CODE_SIGN_IDENTITY = "Apple Development";
				CODE_SIGN_STYLE = Automatic;
				DEVELOPMENT_TEAM = 47WHL37PTX;
				INFOPLIST_FILE = SnoKE/Resources/System/Info.plist;
				IPHONEOS_DEPLOYMENT_TARGET = 14.2;
				LD_RUNPATH_SEARCH_PATHS = (
					"$(inherited)",
					"@executable_path/Frameworks",
				);
				PRODUCT_BUNDLE_IDENTIFIER = com.SnoKEapp.SnoKE;
				PRODUCT_NAME = "$(TARGET_NAME)";
				PROVISIONING_PROFILE_SPECIFIER = "";
				SWIFT_VERSION = 5.0;
				TARGETED_DEVICE_FAMILY = "1,2";
			};
			name = Release;
		};
/* End XCBuildConfiguration section */

/* Begin XCConfigurationList section */
		6663528727219C720084BBA3 /* Build configuration list for PBXProject "SnoKE" */ = {
			isa = XCConfigurationList;
			buildConfigurations = (
				6663529E27219C730084BBA3 /* Debug */,
				6663529F27219C730084BBA3 /* Release */,
			);
			defaultConfigurationIsVisible = 0;
			defaultConfigurationName = Release;
		};
		666352A027219C730084BBA3 /* Build configuration list for PBXNativeTarget "SnoKE" */ = {
			isa = XCConfigurationList;
			buildConfigurations = (
				666352A127219C730084BBA3 /* Debug */,
				666352A227219C730084BBA3 /* Release */,
			);
			defaultConfigurationIsVisible = 0;
			defaultConfigurationName = Release;
		};
/* End XCConfigurationList section */

/* Begin XCRemoteSwiftPackageReference section */
		666352D52721EE4A0084BBA3 /* XCRemoteSwiftPackageReference "EasyPeasy" */ = {
			isa = XCRemoteSwiftPackageReference;
			repositoryURL = "https://github.com/nakiostudio/EasyPeasy";
			requirement = {
				kind = upToNextMajorVersion;
				minimumVersion = 1.10.0;
			};
		};
/* End XCRemoteSwiftPackageReference section */

/* Begin XCSwiftPackageProductDependency section */
		666352D62721EE4A0084BBA3 /* EasyPeasy */ = {
			isa = XCSwiftPackageProductDependency;
			package = 666352D52721EE4A0084BBA3 /* XCRemoteSwiftPackageReference "EasyPeasy" */;
			productName = EasyPeasy;
		};
/* End XCSwiftPackageProductDependency section */
	};
	rootObject = 6663528427219C720084BBA3 /* Project object */;
}
